// !$*UTF8*$!
{
	archiveVersion = 1;
	classes = {
	};
	objectVersion = 50;
	objects = {

/* Begin PBXBuildFile section */
		DB07618724E7765600440148 /* AppDelegate.swift in Sources */ = {isa = PBXBuildFile; fileRef = DB07618624E7765600440148 /* AppDelegate.swift */; };
		DB07618924E7765600440148 /* SceneDelegate.swift in Sources */ = {isa = PBXBuildFile; fileRef = DB07618824E7765600440148 /* SceneDelegate.swift */; };
		DB07618C24E7765600440148 /* Landmarks.xcdatamodeld in Sources */ = {isa = PBXBuildFile; fileRef = DB07618A24E7765600440148 /* Landmarks.xcdatamodeld */; };
		DB07618E24E7765600440148 /* ContentView.swift in Sources */ = {isa = PBXBuildFile; fileRef = DB07618D24E7765600440148 /* ContentView.swift */; };
		DB07619024E7766000440148 /* Assets.xcassets in Resources */ = {isa = PBXBuildFile; fileRef = DB07618F24E7766000440148 /* Assets.xcassets */; };
		DB07619324E7766000440148 /* Preview Assets.xcassets in Resources */ = {isa = PBXBuildFile; fileRef = DB07619224E7766000440148 /* Preview Assets.xcassets */; };
		DB07619624E7766000440148 /* LaunchScreen.storyboard in Resources */ = {isa = PBXBuildFile; fileRef = DB07619424E7766000440148 /* LaunchScreen.storyboard */; };
		DB0761A124E7766100440148 /* LandmarksTests.swift in Sources */ = {isa = PBXBuildFile; fileRef = DB0761A024E7766100440148 /* LandmarksTests.swift */; };
		DB0761AC24E7766100440148 /* LandmarksUITests.swift in Sources */ = {isa = PBXBuildFile; fileRef = DB0761AB24E7766100440148 /* LandmarksUITests.swift */; };
		DBEDA3CD24E88C2000BE9B9D /* CircleImage.swift in Sources */ = {isa = PBXBuildFile; fileRef = DBEDA3CC24E88C2000BE9B9D /* CircleImage.swift */; };
		DBEDA3CF24E88CDA00BE9B9D /* MapView.swift in Sources */ = {isa = PBXBuildFile; fileRef = DBEDA3CE24E88CDA00BE9B9D /* MapView.swift */; };
/* End PBXBuildFile section */

/* Begin PBXContainerItemProxy section */
		DB07619D24E7766100440148 /* PBXContainerItemProxy */ = {
			isa = PBXContainerItemProxy;
			containerPortal = DB07617B24E7765500440148 /* Project object */;
			proxyType = 1;
			remoteGlobalIDString = DB07618224E7765500440148;
			remoteInfo = Landmarks;
		};
		DB0761A824E7766100440148 /* PBXContainerItemProxy */ = {
			isa = PBXContainerItemProxy;
			containerPortal = DB07617B24E7765500440148 /* Project object */;
			proxyType = 1;
			remoteGlobalIDString = DB07618224E7765500440148;
			remoteInfo = Landmarks;
		};
/* End PBXContainerItemProxy section */

/* Begin PBXFileReference section */
		DB07618324E7765600440148 /* Landmarks.app */ = {isa = PBXFileReference; explicitFileType = wrapper.application; includeInIndex = 0; path = Landmarks.app; sourceTree = BUILT_PRODUCTS_DIR; };
		DB07618624E7765600440148 /* AppDelegate.swift */ = {isa = PBXFileReference; lastKnownFileType = sourcecode.swift; path = AppDelegate.swift; sourceTree = "<group>"; };
		DB07618824E7765600440148 /* SceneDelegate.swift */ = {isa = PBXFileReference; lastKnownFileType = sourcecode.swift; path = SceneDelegate.swift; sourceTree = "<group>"; };
		DB07618B24E7765600440148 /* Landmarks.xcdatamodel */ = {isa = PBXFileReference; lastKnownFileType = wrapper.xcdatamodel; path = Landmarks.xcdatamodel; sourceTree = "<group>"; };
		DB07618D24E7765600440148 /* ContentView.swift */ = {isa = PBXFileReference; lastKnownFileType = sourcecode.swift; path = ContentView.swift; sourceTree = "<group>"; };
		DB07618F24E7766000440148 /* Assets.xcassets */ = {isa = PBXFileReference; lastKnownFileType = folder.assetcatalog; path = Assets.xcassets; sourceTree = "<group>"; };
		DB07619224E7766000440148 /* Preview Assets.xcassets */ = {isa = PBXFileReference; lastKnownFileType = folder.assetcatalog; path = "Preview Assets.xcassets"; sourceTree = "<group>"; };
		DB07619524E7766000440148 /* Base */ = {isa = PBXFileReference; lastKnownFileType = file.storyboard; name = Base; path = Base.lproj/LaunchScreen.storyboard; sourceTree = "<group>"; };
		DB07619724E7766000440148 /* Info.plist */ = {isa = PBXFileReference; lastKnownFileType = text.plist.xml; path = Info.plist; sourceTree = "<group>"; };
		DB07619C24E7766100440148 /* LandmarksTests.xctest */ = {isa = PBXFileReference; explicitFileType = wrapper.cfbundle; includeInIndex = 0; path = LandmarksTests.xctest; sourceTree = BUILT_PRODUCTS_DIR; };
		DB0761A024E7766100440148 /* LandmarksTests.swift */ = {isa = PBXFileReference; lastKnownFileType = sourcecode.swift; path = LandmarksTests.swift; sourceTree = "<group>"; };
		DB0761A224E7766100440148 /* Info.plist */ = {isa = PBXFileReference; lastKnownFileType = text.plist.xml; path = Info.plist; sourceTree = "<group>"; };
		DB0761A724E7766100440148 /* LandmarksUITests.xctest */ = {isa = PBXFileReference; explicitFileType = wrapper.cfbundle; includeInIndex = 0; path = LandmarksUITests.xctest; sourceTree = BUILT_PRODUCTS_DIR; };
		DB0761AB24E7766100440148 /* LandmarksUITests.swift */ = {isa = PBXFileReference; lastKnownFileType = sourcecode.swift; path = LandmarksUITests.swift; sourceTree = "<group>"; };
		DB0761AD24E7766100440148 /* Info.plist */ = {isa = PBXFileReference; lastKnownFileType = text.plist.xml; path = Info.plist; sourceTree = "<group>"; };
		DBEDA3CC24E88C2000BE9B9D /* CircleImage.swift */ = {isa = PBXFileReference; lastKnownFileType = sourcecode.swift; path = CircleImage.swift; sourceTree = "<group>"; };
		DBEDA3CE24E88CDA00BE9B9D /* MapView.swift */ = {isa = PBXFileReference; lastKnownFileType = sourcecode.swift; path = MapView.swift; sourceTree = "<group>"; };
/* End PBXFileReference section */

/* Begin PBXFrameworksBuildPhase section */
		DB07618024E7765500440148 /* Frameworks */ = {
			isa = PBXFrameworksBuildPhase;
			buildActionMask = 2147483647;
			files = (
			);
			runOnlyForDeploymentPostprocessing = 0;
		};
		DB07619924E7766100440148 /* Frameworks */ = {
			isa = PBXFrameworksBuildPhase;
			buildActionMask = 2147483647;
			files = (
			);
			runOnlyForDeploymentPostprocessing = 0;
		};
		DB0761A424E7766100440148 /* Frameworks */ = {
			isa = PBXFrameworksBuildPhase;
			buildActionMask = 2147483647;
			files = (
			);
			runOnlyForDeploymentPostprocessing = 0;
		};
/* End PBXFrameworksBuildPhase section */

/* Begin PBXGroup section */
		DB07617A24E7765500440148 = {
			isa = PBXGroup;
			children = (
				DB07618524E7765600440148 /* Landmarks */,
				DB07619F24E7766100440148 /* LandmarksTests */,
				DB0761AA24E7766100440148 /* LandmarksUITests */,
				DB07618424E7765600440148 /* Products */,
			);
			sourceTree = "<group>";
		};
		DB07618424E7765600440148 /* Products */ = {
			isa = PBXGroup;
			children = (
				DB07618324E7765600440148 /* Landmarks.app */,
				DB07619C24E7766100440148 /* LandmarksTests.xctest */,
				DB0761A724E7766100440148 /* LandmarksUITests.xctest */,
			);
			name = Products;
			sourceTree = "<group>";
		};
		DB07618524E7765600440148 /* Landmarks */ = {
			isa = PBXGroup;
			children = (
				DB07618624E7765600440148 /* AppDelegate.swift */,
				DB07618824E7765600440148 /* SceneDelegate.swift */,
				DB07618D24E7765600440148 /* ContentView.swift */,
				DB07618F24E7766000440148 /* Assets.xcassets */,
				DBEDA3CC24E88C2000BE9B9D /* CircleImage.swift */,
				DBEDA3CE24E88CDA00BE9B9D /* MapView.swift */,
				DB07619424E7766000440148 /* LaunchScreen.storyboard */,
				DB07619724E7766000440148 /* Info.plist */,
				DB07618A24E7765600440148 /* Landmarks.xcdatamodeld */,
				DB07619124E7766000440148 /* Preview Content */,
			);
			path = Landmarks;
			sourceTree = "<group>";
		};
		DB07619124E7766000440148 /* Preview Content */ = {
			isa = PBXGroup;
			children = (
				DB07619224E7766000440148 /* Preview Assets.xcassets */,
			);
			path = "Preview Content";
			sourceTree = "<group>";
		};
		DB07619F24E7766100440148 /* LandmarksTests */ = {
			isa = PBXGroup;
			children = (
				DB0761A024E7766100440148 /* LandmarksTests.swift */,
				DB0761A224E7766100440148 /* Info.plist */,
			);
			path = LandmarksTests;
			sourceTree = "<group>";
		};
		DB0761AA24E7766100440148 /* LandmarksUITests */ = {
			isa = PBXGroup;
			children = (
				DB0761AB24E7766100440148 /* LandmarksUITests.swift */,
				DB0761AD24E7766100440148 /* Info.plist */,
			);
			path = LandmarksUITests;
			sourceTree = "<group>";
		};
/* End PBXGroup section */

/* Begin PBXNativeTarget section */
		DB07618224E7765500440148 /* Landmarks */ = {
			isa = PBXNativeTarget;
			buildConfigurationList = DB0761B024E7766100440148 /* Build configuration list for PBXNativeTarget "Landmarks" */;
			buildPhases = (
				DB07617F24E7765500440148 /* Sources */,
				DB07618024E7765500440148 /* Frameworks */,
				DB07618124E7765500440148 /* Resources */,
			);
			buildRules = (
			);
			dependencies = (
			);
			name = Landmarks;
			productName = Landmarks;
			productReference = DB07618324E7765600440148 /* Landmarks.app */;
			productType = "com.apple.product-type.application";
		};
		DB07619B24E7766100440148 /* LandmarksTests */ = {
			isa = PBXNativeTarget;
			buildConfigurationList = DB0761B324E7766100440148 /* Build configuration list for PBXNativeTarget "LandmarksTests" */;
			buildPhases = (
				DB07619824E7766100440148 /* Sources */,
				DB07619924E7766100440148 /* Frameworks */,
				DB07619A24E7766100440148 /* Resources */,
			);
			buildRules = (
			);
			dependencies = (
				DB07619E24E7766100440148 /* PBXTargetDependency */,
			);
			name = LandmarksTests;
			productName = LandmarksTests;
			productReference = DB07619C24E7766100440148 /* LandmarksTests.xctest */;
			productType = "com.apple.product-type.bundle.unit-test";
		};
		DB0761A624E7766100440148 /* LandmarksUITests */ = {
			isa = PBXNativeTarget;
			buildConfigurationList = DB0761B624E7766100440148 /* Build configuration list for PBXNativeTarget "LandmarksUITests" */;
			buildPhases = (
				DB0761A324E7766100440148 /* Sources */,
				DB0761A424E7766100440148 /* Frameworks */,
				DB0761A524E7766100440148 /* Resources */,
			);
			buildRules = (
			);
			dependencies = (
				DB0761A924E7766100440148 /* PBXTargetDependency */,
			);
			name = LandmarksUITests;
			productName = LandmarksUITests;
			productReference = DB0761A724E7766100440148 /* LandmarksUITests.xctest */;
			productType = "com.apple.product-type.bundle.ui-testing";
		};
/* End PBXNativeTarget section */

/* Begin PBXProject section */
		DB07617B24E7765500440148 /* Project object */ = {
			isa = PBXProject;
			attributes = {
				LastSwiftUpdateCheck = 1160;
				LastUpgradeCheck = 1160;
				ORGANIZATIONNAME = "Kevin Chau";
				TargetAttributes = {
					DB07618224E7765500440148 = {
						CreatedOnToolsVersion = 11.6;
					};
					DB07619B24E7766100440148 = {
						CreatedOnToolsVersion = 11.6;
						TestTargetID = DB07618224E7765500440148;
					};
					DB0761A624E7766100440148 = {
						CreatedOnToolsVersion = 11.6;
						TestTargetID = DB07618224E7765500440148;
					};
				};
			};
			buildConfigurationList = DB07617E24E7765500440148 /* Build configuration list for PBXProject "Landmarks" */;
			compatibilityVersion = "Xcode 9.3";
			developmentRegion = en;
			hasScannedForEncodings = 0;
			knownRegions = (
				en,
				Base,
			);
			mainGroup = DB07617A24E7765500440148;
			productRefGroup = DB07618424E7765600440148 /* Products */;
			projectDirPath = "";
			projectRoot = "";
			targets = (
				DB07618224E7765500440148 /* Landmarks */,
				DB07619B24E7766100440148 /* LandmarksTests */,
				DB0761A624E7766100440148 /* LandmarksUITests */,
			);
		};
/* End PBXProject section */

/* Begin PBXResourcesBuildPhase section */
		DB07618124E7765500440148 /* Resources */ = {
			isa = PBXResourcesBuildPhase;
			buildActionMask = 2147483647;
			files = (
				DB07619624E7766000440148 /* LaunchScreen.storyboard in Resources */,
				DB07619324E7766000440148 /* Preview Assets.xcassets in Resources */,
				DB07619024E7766000440148 /* Assets.xcassets in Resources */,
			);
			runOnlyForDeploymentPostprocessing = 0;
		};
		DB07619A24E7766100440148 /* Resources */ = {
			isa = PBXResourcesBuildPhase;
			buildActionMask = 2147483647;
			files = (
			);
			runOnlyForDeploymentPostprocessing = 0;
		};
		DB0761A524E7766100440148 /* Resources */ = {
			isa = PBXResourcesBuildPhase;
			buildActionMask = 2147483647;
			files = (
			);
			runOnlyForDeploymentPostprocessing = 0;
		};
/* End PBXResourcesBuildPhase section */

/* Begin PBXSourcesBuildPhase section */
		DB07617F24E7765500440148 /* Sources */ = {
			isa = PBXSourcesBuildPhase;
			buildActionMask = 2147483647;
			files = (
				DB07618724E7765600440148 /* AppDelegate.swift in Sources */,
				DBEDA3CF24E88CDA00BE9B9D /* MapView.swift in Sources */,
				DB07618924E7765600440148 /* SceneDelegate.swift in Sources */,
				DB07618E24E7765600440148 /* ContentView.swift in Sources */,
				DB07618C24E7765600440148 /* Landmarks.xcdatamodeld in Sources */,
				DBEDA3CD24E88C2000BE9B9D /* CircleImage.swift in Sources */,
			);
			runOnlyForDeploymentPostprocessing = 0;
		};
		DB07619824E7766100440148 /* Sources */ = {
			isa = PBXSourcesBuildPhase;
			buildActionMask = 2147483647;
			files = (
				DB0761A124E7766100440148 /* LandmarksTests.swift in Sources */,
			);
			runOnlyForDeploymentPostprocessing = 0;
		};
		DB0761A324E7766100440148 /* Sources */ = {
			isa = PBXSourcesBuildPhase;
			buildActionMask = 2147483647;
			files = (
				DB0761AC24E7766100440148 /* LandmarksUITests.swift in Sources */,
			);
			runOnlyForDeploymentPostprocessing = 0;
		};
/* End PBXSourcesBuildPhase section */

/* Begin PBXTargetDependency section */
		DB07619E24E7766100440148 /* PBXTargetDependency */ = {
			isa = PBXTargetDependency;
			target = DB07618224E7765500440148 /* Landmarks */;
			targetProxy = DB07619D24E7766100440148 /* PBXContainerItemProxy */;
		};
		DB0761A924E7766100440148 /* PBXTargetDependency */ = {
			isa = PBXTargetDependency;
			target = DB07618224E7765500440148 /* Landmarks */;
			targetProxy = DB0761A824E7766100440148 /* PBXContainerItemProxy */;
		};
/* End PBXTargetDependency section */

/* Begin PBXVariantGroup section */
		DB07619424E7766000440148 /* LaunchScreen.storyboard */ = {
			isa = PBXVariantGroup;
			children = (
				DB07619524E7766000440148 /* Base */,
			);
			name = LaunchScreen.storyboard;
			sourceTree = "<group>";
		};
/* End PBXVariantGroup section */

/* Begin XCBuildConfiguration section */
		DB0761AE24E7766100440148 /* Debug */ = {
			isa = XCBuildConfiguration;
			buildSettings = {
				ALWAYS_SEARCH_USER_PATHS = NO;
				CLANG_ANALYZER_NONNULL = YES;
				CLANG_ANALYZER_NUMBER_OBJECT_CONVERSION = YES_AGGRESSIVE;
				CLANG_CXX_LANGUAGE_STANDARD = "gnu++14";
				CLANG_CXX_LIBRARY = "libc++";
				CLANG_ENABLE_MODULES = YES;
				CLANG_ENABLE_OBJC_ARC = YES;
				CLANG_ENABLE_OBJC_WEAK = YES;
				CLANG_WARN_BLOCK_CAPTURE_AUTORELEASING = YES;
				CLANG_WARN_BOOL_CONVERSION = YES;
				CLANG_WARN_COMMA = YES;
				CLANG_WARN_CONSTANT_CONVERSION = YES;
				CLANG_WARN_DEPRECATED_OBJC_IMPLEMENTATIONS = YES;
				CLANG_WARN_DIRECT_OBJC_ISA_USAGE = YES_ERROR;
				CLANG_WARN_DOCUMENTATION_COMMENTS = YES;
				CLANG_WARN_EMPTY_BODY = YES;
				CLANG_WARN_ENUM_CONVERSION = YES;
				CLANG_WARN_INFINITE_RECURSION = YES;
				CLANG_WARN_INT_CONVERSION = YES;
				CLANG_WARN_NON_LITERAL_NULL_CONVERSION = YES;
				CLANG_WARN_OBJC_IMPLICIT_RETAIN_SELF = YES;
				CLANG_WARN_OBJC_LITERAL_CONVERSION = YES;
				CLANG_WARN_OBJC_ROOT_CLASS = YES_ERROR;
				CLANG_WARN_RANGE_LOOP_ANALYSIS = YES;
				CLANG_WARN_STRICT_PROTOTYPES = YES;
				CLANG_WARN_SUSPICIOUS_MOVE = YES;
				CLANG_WARN_UNGUARDED_AVAILABILITY = YES_AGGRESSIVE;
				CLANG_WARN_UNREACHABLE_CODE = YES;
				CLANG_WARN__DUPLICATE_METHOD_MATCH = YES;
				COPY_PHASE_STRIP = NO;
				DEBUG_INFORMATION_FORMAT = dwarf;
				ENABLE_STRICT_OBJC_MSGSEND = YES;
				ENABLE_TESTABILITY = YES;
				GCC_C_LANGUAGE_STANDARD = gnu11;
				GCC_DYNAMIC_NO_PIC = NO;
				GCC_NO_COMMON_BLOCKS = YES;
				GCC_OPTIMIZATION_LEVEL = 0;
				GCC_PREPROCESSOR_DEFINITIONS = (
					"DEBUG=1",
					"$(inherited)",
				);
				GCC_WARN_64_TO_32_BIT_CONVERSION = YES;
				GCC_WARN_ABOUT_RETURN_TYPE = YES_ERROR;
				GCC_WARN_UNDECLARED_SELECTOR = YES;
				GCC_WARN_UNINITIALIZED_AUTOS = YES_AGGRESSIVE;
				GCC_WARN_UNUSED_FUNCTION = YES;
				GCC_WARN_UNUSED_VARIABLE = YES;
				IPHONEOS_DEPLOYMENT_TARGET = 13.6;
				MTL_ENABLE_DEBUG_INFO = INCLUDE_SOURCE;
				MTL_FAST_MATH = YES;
				ONLY_ACTIVE_ARCH = YES;
				SDKROOT = iphoneos;
				SWIFT_ACTIVE_COMPILATION_CONDITIONS = DEBUG;
				SWIFT_OPTIMIZATION_LEVEL = "-Onone";
			};
			name = Debug;
		};
		DB0761AF24E7766100440148 /* Release */ = {
			isa = XCBuildConfiguration;
			buildSettings = {
				ALWAYS_SEARCH_USER_PATHS = NO;
				CLANG_ANALYZER_NONNULL = YES;
				CLANG_ANALYZER_NUMBER_OBJECT_CONVERSION = YES_AGGRESSIVE;
				CLANG_CXX_LANGUAGE_STANDARD = "gnu++14";
				CLANG_CXX_LIBRARY = "libc++";
				CLANG_ENABLE_MODULES = YES;
				CLANG_ENABLE_OBJC_ARC = YES;
				CLANG_ENABLE_OBJC_WEAK = YES;
				CLANG_WARN_BLOCK_CAPTURE_AUTORELEASING = YES;
				CLANG_WARN_BOOL_CONVERSION = YES;
				CLANG_WARN_COMMA = YES;
				CLANG_WARN_CONSTANT_CONVERSION = YES;
				CLANG_WARN_DEPRECATED_OBJC_IMPLEMENTATIONS = YES;
				CLANG_WARN_DIRECT_OBJC_ISA_USAGE = YES_ERROR;
				CLANG_WARN_DOCUMENTATION_COMMENTS = YES;
				CLANG_WARN_EMPTY_BODY = YES;
				CLANG_WARN_ENUM_CONVERSION = YES;
				CLANG_WARN_INFINITE_RECURSION = YES;
				CLANG_WARN_INT_CONVERSION = YES;
				CLANG_WARN_NON_LITERAL_NULL_CONVERSION = YES;
				CLANG_WARN_OBJC_IMPLICIT_RETAIN_SELF = YES;
				CLANG_WARN_OBJC_LITERAL_CONVERSION = YES;
				CLANG_WARN_OBJC_ROOT_CLASS = YES_ERROR;
				CLANG_WARN_RANGE_LOOP_ANALYSIS = YES;
				CLANG_WARN_STRICT_PROTOTYPES = YES;
				CLANG_WARN_SUSPICIOUS_MOVE = YES;
				CLANG_WARN_UNGUARDED_AVAILABILITY = YES_AGGRESSIVE;
				CLANG_WARN_UNREACHABLE_CODE = YES;
				CLANG_WARN__DUPLICATE_METHOD_MATCH = YES;
				COPY_PHASE_STRIP = NO;
				DEBUG_INFORMATION_FORMAT = "dwarf-with-dsym";
				ENABLE_NS_ASSERTIONS = NO;
				ENABLE_STRICT_OBJC_MSGSEND = YES;
				GCC_C_LANGUAGE_STANDARD = gnu11;
				GCC_NO_COMMON_BLOCKS = YES;
				GCC_WARN_64_TO_32_BIT_CONVERSION = YES;
				GCC_WARN_ABOUT_RETURN_TYPE = YES_ERROR;
				GCC_WARN_UNDECLARED_SELECTOR = YES;
				GCC_WARN_UNINITIALIZED_AUTOS = YES_AGGRESSIVE;
				GCC_WARN_UNUSED_FUNCTION = YES;
				GCC_WARN_UNUSED_VARIABLE = YES;
				IPHONEOS_DEPLOYMENT_TARGET = 13.6;
				MTL_ENABLE_DEBUG_INFO = NO;
				MTL_FAST_MATH = YES;
				SDKROOT = iphoneos;
				SWIFT_COMPILATION_MODE = wholemodule;
				SWIFT_OPTIMIZATION_LEVEL = "-O";
				VALIDATE_PRODUCT = YES;
			};
			name = Release;
		};
		DB0761B124E7766100440148 /* Debug */ = {
			isa = XCBuildConfiguration;
			buildSettings = {
				ASSETCATALOG_COMPILER_APPICON_NAME = AppIcon;
				CODE_SIGN_STYLE = Automatic;
				DEVELOPMENT_ASSET_PATHS = "\"Landmarks/Preview Content\"";
				ENABLE_PREVIEWS = YES;
				INFOPLIST_FILE = Landmarks/Info.plist;
				LD_RUNPATH_SEARCH_PATHS = (
					"$(inherited)",
					"@executable_path/Frameworks",
				);
				PRODUCT_BUNDLE_IDENTIFIER = kevinchau.com.Landmarks;
				PRODUCT_NAME = "$(TARGET_NAME)";
				SWIFT_VERSION = 5.0;
				TARGETED_DEVICE_FAMILY = "1,2";
			};
			name = Debug;
		};
		DB0761B224E7766100440148 /* Release */ = {
			isa = XCBuildConfiguration;
			buildSettings = {
				ASSETCATALOG_COMPILER_APPICON_NAME = AppIcon;
				CODE_SIGN_STYLE = Automatic;
				DEVELOPMENT_ASSET_PATHS = "\"Landmarks/Preview Content\"";
				ENABLE_PREVIEWS = YES;
				INFOPLIST_FILE = Landmarks/Info.plist;
				LD_RUNPATH_SEARCH_PATHS = (
					"$(inherited)",
					"@executable_path/Frameworks",
				);
				PRODUCT_BUNDLE_IDENTIFIER = kevinchau.com.Landmarks;
				PRODUCT_NAME = "$(TARGET_NAME)";
				SWIFT_VERSION = 5.0;
				TARGETED_DEVICE_FAMILY = "1,2";
			};
			name = Release;
		};
		DB0761B424E7766100440148 /* Debug */ = {
			isa = XCBuildConfiguration;
			buildSettings = {
				ALWAYS_EMBED_SWIFT_STANDARD_LIBRARIES = YES;
				BUNDLE_LOADER = "$(TEST_HOST)";
				CODE_SIGN_STYLE = Automatic;
				INFOPLIST_FILE = LandmarksTests/Info.plist;
				IPHONEOS_DEPLOYMENT_TARGET = 13.6;
				LD_RUNPATH_SEARCH_PATHS = (
					"$(inherited)",
					"@executable_path/Frameworks",
					"@loader_path/Frameworks",
				);
				PRODUCT_BUNDLE_IDENTIFIER = kevinchau.com.LandmarksTests;
				PRODUCT_NAME = "$(TARGET_NAME)";
				SWIFT_VERSION = 5.0;
				TARGETED_DEVICE_FAMILY = "1,2";
				TEST_HOST = "$(BUILT_PRODUCTS_DIR)/Landmarks.app/Landmarks";
			};
			name = Debug;
		};
		DB0761B524E7766100440148 /* Release */ = {
			isa = XCBuildConfiguration;
			buildSettings = {
				ALWAYS_EMBED_SWIFT_STANDARD_LIBRARIES = YES;
				BUNDLE_LOADER = "$(TEST_HOST)";
				CODE_SIGN_STYLE = Automatic;
				INFOPLIST_FILE = LandmarksTests/Info.plist;
				IPHONEOS_DEPLOYMENT_TARGET = 13.6;
				LD_RUNPATH_SEARCH_PATHS = (
					"$(inherited)",
					"@executable_path/Frameworks",
					"@loader_path/Frameworks",
				);
				PRODUCT_BUNDLE_IDENTIFIER = kevinchau.com.LandmarksTests;
				PRODUCT_NAME = "$(TARGET_NAME)";
				SWIFT_VERSION = 5.0;
				TARGETED_DEVICE_FAMILY = "1,2";
				TEST_HOST = "$(BUILT_PRODUCTS_DIR)/Landmarks.app/Landmarks";
			};
			name = Release;
		};
		DB0761B724E7766100440148 /* Debug */ = {
			isa = XCBuildConfiguration;
			buildSettings = {
				ALWAYS_EMBED_SWIFT_STANDARD_LIBRARIES = YES;
				CODE_SIGN_STYLE = Automatic;
				INFOPLIST_FILE = LandmarksUITests/Info.plist;
				LD_RUNPATH_SEARCH_PATHS = (
					"$(inherited)",
					"@executable_path/Frameworks",
					"@loader_path/Frameworks",
				);
				PRODUCT_BUNDLE_IDENTIFIER = kevinchau.com.LandmarksUITests;
				PRODUCT_NAME = "$(TARGET_NAME)";
				SWIFT_VERSION = 5.0;
				TARGETED_DEVICE_FAMILY = "1,2";
				TEST_TARGET_NAME = Landmarks;
			};
			name = Debug;
		};
		DB0761B824E7766100440148 /* Release */ = {
			isa = XCBuildConfiguration;
			buildSettings = {
				ALWAYS_EMBED_SWIFT_STANDARD_LIBRARIES = YES;
				CODE_SIGN_STYLE = Automatic;
				INFOPLIST_FILE = LandmarksUITests/Info.plist;
				LD_RUNPATH_SEARCH_PATHS = (
					"$(inherited)",
					"@executable_path/Frameworks",
					"@loader_path/Frameworks",
				);
				PRODUCT_BUNDLE_IDENTIFIER = kevinchau.com.LandmarksUITests;
				PRODUCT_NAME = "$(TARGET_NAME)";
				SWIFT_VERSION = 5.0;
				TARGETED_DEVICE_FAMILY = "1,2";
				TEST_TARGET_NAME = Landmarks;
			};
			name = Release;
		};
/* End XCBuildConfiguration section */

/* Begin XCConfigurationList section */
		DB07617E24E7765500440148 /* Build configuration list for PBXProject "Landmarks" */ = {
			isa = XCConfigurationList;
			buildConfigurations = (
				DB0761AE24E7766100440148 /* Debug */,
				DB0761AF24E7766100440148 /* Release */,
			);
			defaultConfigurationIsVisible = 0;
			defaultConfigurationName = Release;
		};
		DB0761B024E7766100440148 /* Build configuration list for PBXNativeTarget "Landmarks" */ = {
			isa = XCConfigurationList;
			buildConfigurations = (
				DB0761B124E7766100440148 /* Debug */,
				DB0761B224E7766100440148 /* Release */,
			);
			defaultConfigurationIsVisible = 0;
			defaultConfigurationName = Release;
		};
		DB0761B324E7766100440148 /* Build configuration list for PBXNativeTarget "LandmarksTests" */ = {
			isa = XCConfigurationList;
			buildConfigurations = (
				DB0761B424E7766100440148 /* Debug */,
				DB0761B524E7766100440148 /* Release */,
			);
			defaultConfigurationIsVisible = 0;
			defaultConfigurationName = Release;
		};
		DB0761B624E7766100440148 /* Build configuration list for PBXNativeTarget "LandmarksUITests" */ = {
			isa = XCConfigurationList;
			buildConfigurations = (
				DB0761B724E7766100440148 /* Debug */,
				DB0761B824E7766100440148 /* Release */,
			);
			defaultConfigurationIsVisible = 0;
			defaultConfigurationName = Release;
		};
/* End XCConfigurationList section */

/* Begin XCVersionGroup section */
		DB07618A24E7765600440148 /* Landmarks.xcdatamodeld */ = {
			isa = XCVersionGroup;
			children = (
				DB07618B24E7765600440148 /* Landmarks.xcdatamodel */,
			);
			currentVersion = DB07618B24E7765600440148 /* Landmarks.xcdatamodel */;
			path = Landmarks.xcdatamodeld;
			sourceTree = "<group>";
			versionGroupType = wrapper.xcdatamodel;
		};
/* End XCVersionGroup section */
	};
	rootObject = DB07617B24E7765500440148 /* Project object */;
}
